
Microsoft Visual Studio Solution File, Format Version 12.00
# Visual Studio Version 17
VisualStudioVersion = 17.5.33502.453
MinimumVisualStudioVersion = 10.0.40219.1
Project("{9A19103F-16F7-4668-BE54-9A1E7A4F7556}") = "BulkyBookWeb", "BulkyBookWeb\BulkyBookWeb.csproj", "{898A2F62-FD58-4E2F-BD44-5EC6D13C8BBF}"
EndProject
Project("{9A19103F-16F7-4668-BE54-9A1E7A4F7556}") = "BulkyBook.DataAccess", "BulkyBook.DataAccess\BulkyBook.DataAccess.csproj", "{E24BC2A1-97B3-4A01-BE39-5B34CD506FB2}"
EndProject
Project("{9A19103F-16F7-4668-BE54-9A1E7A4F7556}") = "BulkyBook.Utility", "BulkyBook.Utility\BulkyBook.Utility.csproj", "{9227D182-95B3-49C0-8C0D-CB05629016AD}"
EndProject
Project("{9A19103F-16F7-4668-BE54-9A1E7A4F7556}") = "BulkyBook.Core", "BulkyBook.Core\BulkyBook.Core.csproj", "{B560BE50-0F0E-44BF-921F-0D55343160D8}"
EndProject
Global
	GlobalSection(SolutionConfigurationPlatforms) = preSolution
		Debug|Any CPU = Debug|Any CPU
		Release|Any CPU = Release|Any CPU
	EndGlobalSection
	GlobalSection(ProjectConfigurationPlatforms) = postSolution
		{898A2F62-FD58-4E2F-BD44-5EC6D13C8BBF}.Debug|Any CPU.ActiveCfg = Debug|Any CPU
		{898A2F62-FD58-4E2F-BD44-5EC6D13C8BBF}.Debug|Any CPU.Build.0 = Debug|Any CPU
		{898A2F62-FD58-4E2F-BD44-5EC6D13C8BBF}.Release|Any CPU.ActiveCfg = Release|Any CPU
		{898A2F62-FD58-4E2F-BD44-5EC6D13C8BBF}.Release|Any CPU.Build.0 = Release|Any CPU
		{E24BC2A1-97B3-4A01-BE39-5B34CD506FB2}.Debug|Any CPU.ActiveCfg = Debug|Any CPU
		{E24BC2A1-97B3-4A01-BE39-5B34CD506FB2}.Debug|Any CPU.Build.0 = Debug|Any CPU
		{E24BC2A1-97B3-4A01-BE39-5B34CD506FB2}.Release|Any CPU.ActiveCfg = Release|Any CPU
		{E24BC2A1-97B3-4A01-BE39-5B34CD506FB2}.Release|Any CPU.Build.0 = Release|Any CPU
		{9227D182-95B3-49C0-8C0D-CB05629016AD}.Debug|Any CPU.ActiveCfg = Debug|Any CPU
		{9227D182-95B3-49C0-8C0D-CB05629016AD}.Debug|Any CPU.Build.0 = Debug|Any CPU
		{9227D182-95B3-49C0-8C0D-CB05629016AD}.Release|Any CPU.ActiveCfg = Release|Any CPU
		{9227D182-95B3-49C0-8C0D-CB05629016AD}.Release|Any CPU.Build.0 = Release|Any CPU
		{B560BE50-0F0E-44BF-921F-0D55343160D8}.Debug|Any CPU.ActiveCfg = Debug|Any CPU
		{B560BE50-0F0E-44BF-921F-0D55343160D8}.Debug|Any CPU.Build.0 = Debug|Any CPU
		{B560BE50-0F0E-44BF-921F-0D55343160D8}.Release|Any CPU.ActiveCfg = Release|Any CPU
		{B560BE50-0F0E-44BF-921F-0D55343160D8}.Release|Any CPU.Build.0 = Release|Any CPU
	EndGlobalSection
	GlobalSection(SolutionProperties) = preSolution
		HideSolutionNode = FALSE
	EndGlobalSection
	GlobalSection(ExtensibilityGlobals) = postSolution
		SolutionGuid = {F238E42A-22BC-4990-A130-490EF35CC42F}
	EndGlobalSection
EndGlobal
